
Microsoft Visual Studio Solution File, Format Version 12.00
# Visual Studio Version 17
VisualStudioVersion = 17.11.35312.102
MinimumVisualStudioVersion = 10.0.40219.1
Project("{FAE04EC0-301F-11D3-BF4B-00C04F79EFBC}") = "MAnotes", "Notes\MAnotes.csproj", "{7A67CB47-7F05-4172-BCE5-2FA0CBD840DC}"
EndProject
Global
	GlobalSection(SolutionConfigurationPlatforms) = preSolution
		Debug|Any CPU = Debug|Any CPU
		Release|Any CPU = Release|Any CPU
	EndGlobalSection
	GlobalSection(ProjectConfigurationPlatforms) = postSolution
		{7A67CB47-7F05-4172-BCE5-2FA0CBD840DC}.Debug|Any CPU.ActiveCfg = Debug|Any CPU
		{7A67CB47-7F05-4172-BCE5-2FA0CBD840DC}.Debug|Any CPU.Build.0 = Debug|Any CPU
		{7A67CB47-7F05-4172-BCE5-2FA0CBD840DC}.Debug|Any CPU.Deploy.0 = Debug|Any CPU
		{7A67CB47-7F05-4172-BCE5-2FA0CBD840DC}.Release|Any CPU.ActiveCfg = Release|Any CPU
		{7A67CB47-7F05-4172-BCE5-2FA0CBD840DC}.Release|Any CPU.Build.0 = Release|Any CPU
		{7A67CB47-7F05-4172-BCE5-2FA0CBD840DC}.Release|Any CPU.Deploy.0 = Release|Any CPU
	EndGlobalSection
	GlobalSection(SolutionProperties) = preSolution
		HideSolutionNode = FALSE
	EndGlobalSection
	GlobalSection(ExtensibilityGlobals) = postSolution
		SolutionGuid = {4201CE46-E69E-42A6-9FB9-93B3E33E0E2E}
	EndGlobalSection
EndGlobal
